{
    "codeception/codeception": {
        "version": "99999",
        "recipe": {
            "repo": "github.com/symfony/recipes-contrib"
        }
    },
    "doctrine/annotations": {
        "version": "99999",
        "recipe": {
            "repo": "github.com/symfony/recipes"
        }
    },
    "doctrine/deprecations": {
        "version": "1.1",
        "recipe": {
            "repo": "github.com/symfony/recipes",
            "branch": "main",
            "version": "1.0",
            "ref": "87424683adc81d7dc305eefec1fced883084aab9"
        }
    },
    "doctrine/doctrine-bundle": {
        "version": "99999",
        "recipe": {
            "repo": "github.com/symfony/recipes"
        }
    },
    "doctrine/doctrine-migrations-bundle": {
        "version": "99999",
        "recipe": {
            "repo": "github.com/symfony/recipes"
        }
    },
    "endroid/qr-code-bundle": {
        "version": "5.0.2"
    },
    "friendsofsymfony/jsrouting-bundle": {
        "version": "99999",
        "recipe": {
            "repo": "github.com/symfony/recipes-contrib"
        }
    },
    "knplabs/knp-paginator-bundle": {
        "version": "99999"
    },
    "league/flysystem-bundle": {
        "version": "99999",
        "recipe": {
            "repo": "github.com/symfony/recipes"
        }
    },
    "php-http/discovery": {
        "version": "1.20",
        "recipe": {
            "repo": "github.com/symfony/recipes",
            "branch": "main",
            "version": "1.18",
            "ref": "f45b5dd173a27873ab19f5e3180b2f661c21de02"
        },
        "files": [
            "config/packages/http_discovery.yaml"
        ]
    },
    "phpunit/phpunit": {
        "version": "99999",
        "recipe": {
            "repo": "github.com/symfony/recipes"
        }
    },
    "pimcore/pimcore": {
        "version": "99999"
    },
    "presta/sitemap-bundle": {
        "version": "99999"
    },
    "scheb/2fa-bundle": {
        "version": "99999",
        "recipe": {
            "repo": "github.com/symfony/recipes"
        }
    },
    "symfony-cmf/routing-bundle": {
        "version": "99999"
    },
    "symfony/console": {
        "version": "99999",
        "recipe": {
            "repo": "github.com/symfony/recipes"
        }
    },
    "symfony/debug-bundle": {
        "version": "99999",
        "recipe": {
            "repo": "github.com/symfony/recipes"
        }
    },
    "symfony/flex": {
        "version": "99999",
        "recipe": {
            "repo": "github.com/symfony/recipes"
        }
    },
    "symfony/framework-bundle": {
        "version": "99999",
        "recipe": {
            "repo": "github.com/symfony/recipes"
        }
    },
    "symfony/lock": {
        "version": "99999",
        "recipe": {
            "repo": "github.com/symfony/recipes"
        }
    },
    "symfony/mailer": {
        "version": "99999",
        "recipe": {
            "repo": "github.com/symfony/recipes"
        }
    },
    "symfony/messenger": {
        "version": "99999",
        "recipe": {
            "repo": "github.com/symfony/recipes"
        }
    },
    "symfony/monolog-bundle": {
        "version": "99999",
        "recipe": {
            "repo": "github.com/symfony/recipes"
        }
    },
    "symfony/routing": {
        "version": "99999",
        "recipe": {
            "repo": "github.com/symfony/recipes"
        }
    },
    "symfony/security-bundle": {
        "version": "99999",
        "recipe": {
            "repo": "github.com/symfony/recipes"
        }
    },
    "symfony/translation": {
        "version": "99999",
        "recipe": {
            "repo": "github.com/symfony/recipes"
        }
    },
    "symfony/twig-bundle": {
        "version": "99999",
        "recipe": {
            "repo": "github.com/symfony/recipes"
        }
    },
    "symfony/uid": {
        "version": "99999",
        "recipe": {
            "repo": "github.com/symfony/recipes"
        }
    },
    "symfony/validator": {
        "version": "99999",
        "recipe": {
            "repo": "github.com/symfony/recipes"
        }
    },
    "symfony/web-profiler-bundle": {
        "version": "99999",
        "recipe": {
            "repo": "github.com/symfony/recipes"
        }
    },
    "symfony/webpack-encore-bundle": {
        "version": "99999",
        "recipe": {
            "repo": "github.com/symfony/recipes"
        }
    },
    "symfony/workflow": {
        "version": "99999",
        "recipe": {
            "repo": "github.com/symfony/recipes"
        }
    },
    "twig/extra-bundle": {
        "version": "99999"
    }
}
